
Microsoft Visual Studio Solution File, Format Version 12.00
# Visual Studio 15
VisualStudioVersion = 15.0.27428.2015
MinimumVisualStudioVersion = 10.0.40219.1
Project("{2150E333-8FDC-42A3-9474-1A3956D46DE8}") = "Engine", "Engine", "{6ADC6845-A574-4FBD-8496-D215188AEF8B}"
EndProject
Project("{2150E333-8FDC-42A3-9474-1A3956D46DE8}") = "Games", "Games", "{3BEF4334-071E-47FA-A192-B6F89D65696F}"
EndProject
Project("{8BC9CEB8-8B4A-11D0-8D11-00A0C91BC942}") = "UE4", "Intermediate\ProjectFiles\UE4.vcxproj", "{FCFE6253-2123-4AFD-8E41-5C6EACCD3AA0}"
EndProject
Project("{8BC9CEB8-8B4A-11D0-8D11-00A0C91BC942}") = "BuildingEscape", "Intermediate\ProjectFiles\BuildingEscape.vcxproj", "{920C452A-5325-40AC-8150-163955340BB0}"
EndProject
Global
	GlobalSection(SolutionConfigurationPlatforms) = preSolution
		DebugGame Editor|HTML5 = DebugGame Editor|HTML5
		DebugGame Editor|Win32 = DebugGame Editor|Win32
		DebugGame Editor|Win64 = DebugGame Editor|Win64
		DebugGame|HTML5 = DebugGame|HTML5
		DebugGame|Win32 = DebugGame|Win32
		DebugGame|Win64 = DebugGame|Win64
		Development Editor|HTML5 = Development Editor|HTML5
		Development Editor|Win32 = Development Editor|Win32
		Development Editor|Win64 = Development Editor|Win64
		Development|HTML5 = Development|HTML5
		Development|Win32 = Development|Win32
		Development|Win64 = Development|Win64
		Shipping|HTML5 = Shipping|HTML5
		Shipping|Win32 = Shipping|Win32
		Shipping|Win64 = Shipping|Win64
	EndGlobalSection
	GlobalSection(ProjectConfigurationPlatforms) = postSolution
		{FCFE6253-2123-4AFD-8E41-5C6EACCD3AA0}.DebugGame Editor|HTML5.ActiveCfg = BuiltWithUnrealBuildTool|Win32
		{FCFE6253-2123-4AFD-8E41-5C6EACCD3AA0}.DebugGame Editor|HTML5.Build.0 = BuiltWithUnrealBuildTool|Win32
		{FCFE6253-2123-4AFD-8E41-5C6EACCD3AA0}.DebugGame Editor|Win32.ActiveCfg = BuiltWithUnrealBuildTool|Win32
		{FCFE6253-2123-4AFD-8E41-5C6EACCD3AA0}.DebugGame Editor|Win32.Build.0 = BuiltWithUnrealBuildTool|Win32
		{FCFE6253-2123-4AFD-8E41-5C6EACCD3AA0}.DebugGame Editor|Win64.ActiveCfg = BuiltWithUnrealBuildTool|Win32
		{FCFE6253-2123-4AFD-8E41-5C6EACCD3AA0}.DebugGame Editor|Win64.Build.0 = BuiltWithUnrealBuildTool|Win32
		{FCFE6253-2123-4AFD-8E41-5C6EACCD3AA0}.DebugGame|HTML5.ActiveCfg = BuiltWithUnrealBuildTool|Win32
		{FCFE6253-2123-4AFD-8E41-5C6EACCD3AA0}.DebugGame|HTML5.Build.0 = BuiltWithUnrealBuildTool|Win32
		{FCFE6253-2123-4AFD-8E41-5C6EACCD3AA0}.DebugGame|Win32.ActiveCfg = BuiltWithUnrealBuildTool|Win32
		{FCFE6253-2123-4AFD-8E41-5C6EACCD3AA0}.DebugGame|Win32.Build.0 = BuiltWithUnrealBuildTool|Win32
		{FCFE6253-2123-4AFD-8E41-5C6EACCD3AA0}.DebugGame|Win64.ActiveCfg = BuiltWithUnrealBuildTool|Win32
		{FCFE6253-2123-4AFD-8E41-5C6EACCD3AA0}.DebugGame|Win64.Build.0 = BuiltWithUnrealBuildTool|Win32
		{FCFE6253-2123-4AFD-8E41-5C6EACCD3AA0}.Development Editor|HTML5.ActiveCfg = BuiltWithUnrealBuildTool|Win32
		{FCFE6253-2123-4AFD-8E41-5C6EACCD3AA0}.Development Editor|HTML5.Build.0 = BuiltWithUnrealBuildTool|Win32
		{FCFE6253-2123-4AFD-8E41-5C6EACCD3AA0}.Development Editor|Win32.ActiveCfg = BuiltWithUnrealBuildTool|Win32
		{FCFE6253-2123-4AFD-8E41-5C6EACCD3AA0}.Development Editor|Win32.Build.0 = BuiltWithUnrealBuildTool|Win32
		{FCFE6253-2123-4AFD-8E41-5C6EACCD3AA0}.Development Editor|Win64.ActiveCfg = BuiltWithUnrealBuildTool|Win32
		{FCFE6253-2123-4AFD-8E41-5C6EACCD3AA0}.Development Editor|Win64.Build.0 = BuiltWithUnrealBuildTool|Win32
		{FCFE6253-2123-4AFD-8E41-5C6EACCD3AA0}.Development|HTML5.ActiveCfg = BuiltWithUnrealBuildTool|Win32
		{FCFE6253-2123-4AFD-8E41-5C6EACCD3AA0}.Development|HTML5.Build.0 = BuiltWithUnrealBuildTool|Win32
		{FCFE6253-2123-4AFD-8E41-5C6EACCD3AA0}.Development|Win32.ActiveCfg = BuiltWithUnrealBuildTool|Win32
		{FCFE6253-2123-4AFD-8E41-5C6EACCD3AA0}.Development|Win32.Build.0 = BuiltWithUnrealBuildTool|Win32
		{FCFE6253-2123-4AFD-8E41-5C6EACCD3AA0}.Development|Win64.ActiveCfg = BuiltWithUnrealBuildTool|Win32
		{FCFE6253-2123-4AFD-8E41-5C6EACCD3AA0}.Development|Win64.Build.0 = BuiltWithUnrealBuildTool|Win32
		{FCFE6253-2123-4AFD-8E41-5C6EACCD3AA0}.Shipping|HTML5.ActiveCfg = BuiltWithUnrealBuildTool|Win32
		{FCFE6253-2123-4AFD-8E41-5C6EACCD3AA0}.Shipping|HTML5.Build.0 = BuiltWithUnrealBuildTool|Win32
		{FCFE6253-2123-4AFD-8E41-5C6EACCD3AA0}.Shipping|Win32.ActiveCfg = BuiltWithUnrealBuildTool|Win32
		{FCFE6253-2123-4AFD-8E41-5C6EACCD3AA0}.Shipping|Win32.Build.0 = BuiltWithUnrealBuildTool|Win32
		{FCFE6253-2123-4AFD-8E41-5C6EACCD3AA0}.Shipping|Win64.ActiveCfg = BuiltWithUnrealBuildTool|Win32
		{FCFE6253-2123-4AFD-8E41-5C6EACCD3AA0}.Shipping|Win64.Build.0 = BuiltWithUnrealBuildTool|Win32
		{920C452A-5325-40AC-8150-163955340BB0}.DebugGame Editor|HTML5.ActiveCfg = HTML5_DebugGame_Editor|Win32
		{920C452A-5325-40AC-8150-163955340BB0}.DebugGame Editor|Win32.ActiveCfg = DebugGame_Editor|Win32
		{920C452A-5325-40AC-8150-163955340BB0}.DebugGame Editor|Win64.ActiveCfg = DebugGame_Editor|x64
		{920C452A-5325-40AC-8150-163955340BB0}.DebugGame Editor|Win64.Build.0 = DebugGame_Editor|x64
		{920C452A-5325-40AC-8150-163955340BB0}.DebugGame|HTML5.ActiveCfg = HTML5_DebugGame_Game|Win32
		{920C452A-5325-40AC-8150-163955340BB0}.DebugGame|HTML5.Build.0 = HTML5_DebugGame_Game|Win32
		{920C452A-5325-40AC-8150-163955340BB0}.DebugGame|Win32.ActiveCfg = DebugGame_Game|Win32
		{920C452A-5325-40AC-8150-163955340BB0}.DebugGame|Win32.Build.0 = DebugGame_Game|Win32
		{920C452A-5325-40AC-8150-163955340BB0}.DebugGame|Win64.ActiveCfg = DebugGame_Game|x64
		{920C452A-5325-40AC-8150-163955340BB0}.DebugGame|Win64.Build.0 = DebugGame_Game|x64
		{920C452A-5325-40AC-8150-163955340BB0}.Development Editor|HTML5.ActiveCfg = HTML5_Development_Editor|Win32
		{920C452A-5325-40AC-8150-163955340BB0}.Development Editor|Win32.ActiveCfg = Development_Editor|Win32
		{920C452A-5325-40AC-8150-163955340BB0}.Development Editor|Win64.ActiveCfg = Development_Editor|x64
		{920C452A-5325-40AC-8150-163955340BB0}.Development Editor|Win64.Build.0 = Development_Editor|x64
		{920C452A-5325-40AC-8150-163955340BB0}.Development|HTML5.ActiveCfg = HTML5_Development_Game|Win32
		{920C452A-5325-40AC-8150-163955340BB0}.Development|HTML5.Build.0 = HTML5_Development_Game|Win32
		{920C452A-5325-40AC-8150-163955340BB0}.Development|Win32.ActiveCfg = Development_Game|Win32
		{920C452A-5325-40AC-8150-163955340BB0}.Development|Win32.Build.0 = Development_Game|Win32
		{920C452A-5325-40AC-8150-163955340BB0}.Development|Win64.ActiveCfg = Development_Game|x64
		{920C452A-5325-40AC-8150-163955340BB0}.Development|Win64.Build.0 = Development_Game|x64
		{920C452A-5325-40AC-8150-163955340BB0}.Shipping|HTML5.ActiveCfg = HTML5_Shipping_Game|Win32
		{920C452A-5325-40AC-8150-163955340BB0}.Shipping|HTML5.Build.0 = HTML5_Shipping_Game|Win32
		{920C452A-5325-40AC-8150-163955340BB0}.Shipping|Win32.ActiveCfg = Shipping_Game|Win32
		{920C452A-5325-40AC-8150-163955340BB0}.Shipping|Win32.Build.0 = Shipping_Game|Win32
		{920C452A-5325-40AC-8150-163955340BB0}.Shipping|Win64.ActiveCfg = Shipping_Game|x64
		{920C452A-5325-40AC-8150-163955340BB0}.Shipping|Win64.Build.0 = Shipping_Game|x64
	EndGlobalSection
	GlobalSection(SolutionProperties) = preSolution
		HideSolutionNode = FALSE
	EndGlobalSection
	GlobalSection(NestedProjects) = preSolution
		{FCFE6253-2123-4AFD-8E41-5C6EACCD3AA0} = {6ADC6845-A574-4FBD-8496-D215188AEF8B}
		{920C452A-5325-40AC-8150-163955340BB0} = {3BEF4334-071E-47FA-A192-B6F89D65696F}
	EndGlobalSection
	GlobalSection(ExtensibilityGlobals) = postSolution
		SolutionGuid = {A2FAD00A-5608-4197-85B2-FC3AB533220A}
	EndGlobalSection
EndGlobal
